// !$*UTF8*$!
{
	archiveVersion = 1;
	classes = {
	};
	objectVersion = 46;
	objects = {

/* Begin PBXBuildFile section */
		B82ADFB31DDABFB300006A62 /* Drawboard.framework in Frameworks */ = {isa = PBXBuildFile; fileRef = B82ADFA91DDABFB300006A62 /* Drawboard.framework */; };
		B82ADFB81DDABFB300006A62 /* DrawboardTests.swift in Sources */ = {isa = PBXBuildFile; fileRef = B82ADFB71DDABFB300006A62 /* DrawboardTests.swift */; };
		B82ADFBA1DDABFB300006A62 /* Drawboard.h in Headers */ = {isa = PBXBuildFile; fileRef = B82ADFAC1DDABFB300006A62 /* Drawboard.h */; settings = {ATTRIBUTES = (Public, ); }; };
		B82ADFF31DDAC32100006A62 /* DrawView.swift in Sources */ = {isa = PBXBuildFile; fileRef = B82ADFF21DDAC32100006A62 /* DrawView.swift */; };
		B82ADFF51DDAC35C00006A62 /* Line.swift in Sources */ = {isa = PBXBuildFile; fileRef = B82ADFF41DDAC35C00006A62 /* Line.swift */; };
		B8B19A121DDAF4130095C688 /* PenView.swift in Sources */ = {isa = PBXBuildFile; fileRef = B8B19A111DDAF4130095C688 /* PenView.swift */; };
		B8B19A151DDBEA200095C688 /* ImageContainer.swift in Sources */ = {isa = PBXBuildFile; fileRef = B8B19A141DDBEA200095C688 /* ImageContainer.swift */; };
/* End PBXBuildFile section */

/* Begin PBXContainerItemProxy section */
		B82ADFB41DDABFB300006A62 /* PBXContainerItemProxy */ = {
			isa = PBXContainerItemProxy;
			containerPortal = B82ADFA01DDABFB300006A62 /* Project object */;
			proxyType = 1;
			remoteGlobalIDString = B82ADFA81DDABFB300006A62;
			remoteInfo = Drawboard;
		};
/* End PBXContainerItemProxy section */

/* Begin PBXFileReference section */
		B82ADFA91DDABFB300006A62 /* Drawboard.framework */ = {isa = PBXFileReference; explicitFileType = wrapper.framework; includeInIndex = 0; path = Drawboard.framework; sourceTree = BUILT_PRODUCTS_DIR; };
		B82ADFAC1DDABFB300006A62 /* Drawboard.h */ = {isa = PBXFileReference; lastKnownFileType = sourcecode.c.h; path = Drawboard.h; sourceTree = "<group>"; };
		B82ADFAD1DDABFB300006A62 /* Info.plist */ = {isa = PBXFileReference; lastKnownFileType = text.plist.xml; path = Info.plist; sourceTree = "<group>"; };
		B82ADFB21DDABFB300006A62 /* DrawboardTests.xctest */ = {isa = PBXFileReference; explicitFileType = wrapper.cfbundle; includeInIndex = 0; path = DrawboardTests.xctest; sourceTree = BUILT_PRODUCTS_DIR; };
		B82ADFB71DDABFB300006A62 /* DrawboardTests.swift */ = {isa = PBXFileReference; lastKnownFileType = sourcecode.swift; path = DrawboardTests.swift; sourceTree = "<group>"; };
		B82ADFB91DDABFB300006A62 /* Info.plist */ = {isa = PBXFileReference; lastKnownFileType = text.plist.xml; path = Info.plist; sourceTree = "<group>"; };
		B82ADFF21DDAC32100006A62 /* DrawView.swift */ = {isa = PBXFileReference; fileEncoding = 4; lastKnownFileType = sourcecode.swift; path = DrawView.swift; sourceTree = "<group>"; };
		B82ADFF41DDAC35C00006A62 /* Line.swift */ = {isa = PBXFileReference; fileEncoding = 4; lastKnownFileType = sourcecode.swift; path = Line.swift; sourceTree = "<group>"; };
		B8B19A111DDAF4130095C688 /* PenView.swift */ = {isa = PBXFileReference; fileEncoding = 4; lastKnownFileType = sourcecode.swift; path = PenView.swift; sourceTree = "<group>"; };
		B8B19A141DDBEA200095C688 /* ImageContainer.swift */ = {isa = PBXFileReference; fileEncoding = 4; lastKnownFileType = sourcecode.swift; path = ImageContainer.swift; sourceTree = "<group>"; };
/* End PBXFileReference section */

/* Begin PBXFrameworksBuildPhase section */
		B82ADFA51DDABFB300006A62 /* Frameworks */ = {
			isa = PBXFrameworksBuildPhase;
			buildActionMask = 2147483647;
			files = (
			);
			runOnlyForDeploymentPostprocessing = 0;
		};
		B82ADFAF1DDABFB300006A62 /* Frameworks */ = {
			isa = PBXFrameworksBuildPhase;
			buildActionMask = 2147483647;
			files = (
				B82ADFB31DDABFB300006A62 /* Drawboard.framework in Frameworks */,
			);
			runOnlyForDeploymentPostprocessing = 0;
		};
/* End PBXFrameworksBuildPhase section */

/* Begin PBXGroup section */
		B82ADF9F1DDABFB300006A62 = {
			isa = PBXGroup;
			children = (
				B82ADFAB1DDABFB300006A62 /* Drawboard */,
				B82ADFB61DDABFB300006A62 /* DrawboardTests */,
				B82ADFAA1DDABFB300006A62 /* Products */,
			);
			sourceTree = "<group>";
		};
		B82ADFAA1DDABFB300006A62 /* Products */ = {
			isa = PBXGroup;
			children = (
				B82ADFA91DDABFB300006A62 /* Drawboard.framework */,
				B82ADFB21DDABFB300006A62 /* DrawboardTests.xctest */,
			);
			name = Products;
			sourceTree = "<group>";
		};
		B82ADFAB1DDABFB300006A62 /* Drawboard */ = {
			isa = PBXGroup;
			children = (
				B82ADFAC1DDABFB300006A62 /* Drawboard.h */,
				B82ADFAD1DDABFB300006A62 /* Info.plist */,
				B82ADFF41DDAC35C00006A62 /* Line.swift */,
				B82ADFF21DDAC32100006A62 /* DrawView.swift */,
				B8B19A111DDAF4130095C688 /* PenView.swift */,
				B8B19A141DDBEA200095C688 /* ImageContainer.swift */,
			);
			path = Drawboard;
			sourceTree = "<group>";
		};
		B82ADFB61DDABFB300006A62 /* DrawboardTests */ = {
			isa = PBXGroup;
			children = (
				B82ADFB71DDABFB300006A62 /* DrawboardTests.swift */,
				B82ADFB91DDABFB300006A62 /* Info.plist */,
			);
			path = DrawboardTests;
			sourceTree = "<group>";
		};
/* End PBXGroup section */

/* Begin PBXHeadersBuildPhase section */
		B82ADFA61DDABFB300006A62 /* Headers */ = {
			isa = PBXHeadersBuildPhase;
			buildActionMask = 2147483647;
			files = (
				B82ADFBA1DDABFB300006A62 /* Drawboard.h in Headers */,
			);
			runOnlyForDeploymentPostprocessing = 0;
		};
/* End PBXHeadersBuildPhase section */

/* Begin PBXNativeTarget section */
		B82ADFA81DDABFB300006A62 /* Drawboard */ = {
			isa = PBXNativeTarget;
			buildConfigurationList = B82ADFBD1DDABFB300006A62 /* Build configuration list for PBXNativeTarget "Drawboard" */;
			buildPhases = (
				B82ADFA41DDABFB300006A62 /* Sources */,
				B82ADFA51DDABFB300006A62 /* Frameworks */,
				B82ADFA61DDABFB300006A62 /* Headers */,
				B82ADFA71DDABFB300006A62 /* Resources */,
			);
			buildRules = (
			);
			dependencies = (
			);
			name = Drawboard;
			productName = Drawboard;
			productReference = B82ADFA91DDABFB300006A62 /* Drawboard.framework */;
			productType = "com.apple.product-type.framework";
		};
		B82ADFB11DDABFB300006A62 /* DrawboardTests */ = {
			isa = PBXNativeTarget;
			buildConfigurationList = B82ADFC01DDABFB300006A62 /* Build configuration list for PBXNativeTarget "DrawboardTests" */;
			buildPhases = (
				B82ADFAE1DDABFB300006A62 /* Sources */,
				B82ADFAF1DDABFB300006A62 /* Frameworks */,
				B82ADFB01DDABFB300006A62 /* Resources */,
			);
			buildRules = (
			);
			dependencies = (
				B82ADFB51DDABFB300006A62 /* PBXTargetDependency */,
			);
			name = DrawboardTests;
			productName = DrawboardTests;
			productReference = B82ADFB21DDABFB300006A62 /* DrawboardTests.xctest */;
			productType = "com.apple.product-type.bundle.unit-test";
		};
/* End PBXNativeTarget section */

/* Begin PBXProject section */
		B82ADFA01DDABFB300006A62 /* Project object */ = {
			isa = PBXProject;
			attributes = {
				LastSwiftUpdateCheck = 0810;
				LastUpgradeCheck = 0810;
				ORGANIZATIONNAME = waltoncob;
				TargetAttributes = {
					B82ADFA81DDABFB300006A62 = {
						CreatedOnToolsVersion = 8.1;
						DevelopmentTeam = ZADQ8AK2T5;
						LastSwiftMigration = 0810;
						ProvisioningStyle = Automatic;
					};
					B82ADFB11DDABFB300006A62 = {
						CreatedOnToolsVersion = 8.1;
						DevelopmentTeam = ZADQ8AK2T5;
						ProvisioningStyle = Automatic;
					};
				};
			};
			buildConfigurationList = B82ADFA31DDABFB300006A62 /* Build configuration list for PBXProject "Drawboard" */;
			compatibilityVersion = "Xcode 3.2";
			developmentRegion = English;
			hasScannedForEncodings = 0;
			knownRegions = (
				en,
			);
			mainGroup = B82ADF9F1DDABFB300006A62;
			productRefGroup = B82ADFAA1DDABFB300006A62 /* Products */;
			projectDirPath = "";
			projectRoot = "";
			targets = (
				B82ADFA81DDABFB300006A62 /* Drawboard */,
				B82ADFB11DDABFB300006A62 /* DrawboardTests */,
			);
		};
/* End PBXProject section */

/* Begin PBXResourcesBuildPhase section */
		B82ADFA71DDABFB300006A62 /* Resources */ = {
			isa = PBXResourcesBuildPhase;
			buildActionMask = 2147483647;
			files = (
			);
			runOnlyForDeploymentPostprocessing = 0;
		};
		B82ADFB01DDABFB300006A62 /* Resources */ = {
			isa = PBXResourcesBuildPhase;
			buildActionMask = 2147483647;
			files = (
			);
			runOnlyForDeploymentPostprocessing = 0;
		};
/* End PBXResourcesBuildPhase section */

/* Begin PBXSourcesBuildPhase section */
		B82ADFA41DDABFB300006A62 /* Sources */ = {
			isa = PBXSourcesBuildPhase;
			buildActionMask = 2147483647;
			files = (
				B82ADFF31DDAC32100006A62 /* DrawView.swift in Sources */,
				B8B19A151DDBEA200095C688 /* ImageContainer.swift in Sources */,
				B82ADFF51DDAC35C00006A62 /* Line.swift in Sources */,
				B8B19A121DDAF4130095C688 /* PenView.swift in Sources */,
			);
			runOnlyForDeploymentPostprocessing = 0;
		};
		B82ADFAE1DDABFB300006A62 /* Sources */ = {
			isa = PBXSourcesBuildPhase;
			buildActionMask = 2147483647;
			files = (
				B82ADFB81DDABFB300006A62 /* DrawboardTests.swift in Sources */,
			);
			runOnlyForDeploymentPostprocessing = 0;
		};
/* End PBXSourcesBuildPhase section */

/* Begin PBXTargetDependency section */
		B82ADFB51DDABFB300006A62 /* PBXTargetDependency */ = {
			isa = PBXTargetDependency;
			target = B82ADFA81DDABFB300006A62 /* Drawboard */;
			targetProxy = B82ADFB41DDABFB300006A62 /* PBXContainerItemProxy */;
		};
/* End PBXTargetDependency section */

/* Begin XCBuildConfiguration section */
		B82ADFBB1DDABFB300006A62 /* Debug */ = {
			isa = XCBuildConfiguration;
			buildSettings = {
				ALWAYS_SEARCH_USER_PATHS = NO;
				CLANG_ANALYZER_NONNULL = YES;
				CLANG_CXX_LANGUAGE_STANDARD = "gnu++0x";
				CLANG_CXX_LIBRARY = "libc++";
				CLANG_ENABLE_MODULES = YES;
				CLANG_ENABLE_OBJC_ARC = YES;
				CLANG_WARN_BOOL_CONVERSION = YES;
				CLANG_WARN_CONSTANT_CONVERSION = YES;
				CLANG_WARN_DIRECT_OBJC_ISA_USAGE = YES_ERROR;
				CLANG_WARN_DOCUMENTATION_COMMENTS = YES;
				CLANG_WARN_EMPTY_BODY = YES;
				CLANG_WARN_ENUM_CONVERSION = YES;
				CLANG_WARN_INFINITE_RECURSION = YES;
				CLANG_WARN_INT_CONVERSION = YES;
				CLANG_WARN_OBJC_ROOT_CLASS = YES_ERROR;
				CLANG_WARN_SUSPICIOUS_MOVES = YES;
				CLANG_WARN_UNREACHABLE_CODE = YES;
				CLANG_WARN__DUPLICATE_METHOD_MATCH = YES;
				"CODE_SIGN_IDENTITY[sdk=iphoneos*]" = "iPhone Developer";
				COPY_PHASE_STRIP = NO;
				CURRENT_PROJECT_VERSION = 1;
				DEBUG_INFORMATION_FORMAT = dwarf;
				ENABLE_STRICT_OBJC_MSGSEND = YES;
				ENABLE_TESTABILITY = YES;
				GCC_C_LANGUAGE_STANDARD = gnu99;
				GCC_DYNAMIC_NO_PIC = NO;
				GCC_NO_COMMON_BLOCKS = YES;
				GCC_OPTIMIZATION_LEVEL = 0;
				GCC_PREPROCESSOR_DEFINITIONS = (
					"DEBUG=1",
					"$(inherited)",
				);
				GCC_WARN_64_TO_32_BIT_CONVERSION = YES;
				GCC_WARN_ABOUT_RETURN_TYPE = YES_ERROR;
				GCC_WARN_UNDECLARED_SELECTOR = YES;
				GCC_WARN_UNINITIALIZED_AUTOS = YES_AGGRESSIVE;
				GCC_WARN_UNUSED_FUNCTION = YES;
				GCC_WARN_UNUSED_VARIABLE = YES;
				IPHONEOS_DEPLOYMENT_TARGET = 10.1;
				MTL_ENABLE_DEBUG_INFO = YES;
				ONLY_ACTIVE_ARCH = YES;
				SDKROOT = iphoneos;
				SWIFT_ACTIVE_COMPILATION_CONDITIONS = DEBUG;
				SWIFT_OPTIMIZATION_LEVEL = "-Onone";
				TARGETED_DEVICE_FAMILY = "1,2";
				VERSIONING_SYSTEM = "apple-generic";
				VERSION_INFO_PREFIX = "";
			};
			name = Debug;
		};
		B82ADFBC1DDABFB300006A62 /* Release */ = {
			isa = XCBuildConfiguration;
			buildSettings = {
				ALWAYS_SEARCH_USER_PATHS = NO;
				CLANG_ANALYZER_NONNULL = YES;
				CLANG_CXX_LANGUAGE_STANDARD = "gnu++0x";
				CLANG_CXX_LIBRARY = "libc++";
				CLANG_ENABLE_MODULES = YES;
				CLANG_ENABLE_OBJC_ARC = YES;
				CLANG_WARN_BOOL_CONVERSION = YES;
				CLANG_WARN_CONSTANT_CONVERSION = YES;
				CLANG_WARN_DIRECT_OBJC_ISA_USAGE = YES_ERROR;
				CLANG_WARN_DOCUMENTATION_COMMENTS = YES;
				CLANG_WARN_EMPTY_BODY = YES;
				CLANG_WARN_ENUM_CONVERSION = YES;
				CLANG_WARN_INFINITE_RECURSION = YES;
				CLANG_WARN_INT_CONVERSION = YES;
				CLANG_WARN_OBJC_ROOT_CLASS = YES_ERROR;
				CLANG_WARN_SUSPICIOUS_MOVES = YES;
				CLANG_WARN_UNREACHABLE_CODE = YES;
				CLANG_WARN__DUPLICATE_METHOD_MATCH = YES;
				"CODE_SIGN_IDENTITY[sdk=iphoneos*]" = "iPhone Developer";
				COPY_PHASE_STRIP = NO;
				CURRENT_PROJECT_VERSION = 1;
				DEBUG_INFORMATION_FORMAT = "dwarf-with-dsym";
				ENABLE_NS_ASSERTIONS = NO;
				ENABLE_STRICT_OBJC_MSGSEND = YES;
				GCC_C_LANGUAGE_STANDARD = gnu99;
				GCC_NO_COMMON_BLOCKS = YES;
				GCC_WARN_64_TO_32_BIT_CONVERSION = YES;
				GCC_WARN_ABOUT_RETURN_TYPE = YES_ERROR;
				GCC_WARN_UNDECLARED_SELECTOR = YES;
				GCC_WARN_UNINITIALIZED_AUTOS = YES_AGGRESSIVE;
				GCC_WARN_UNUSED_FUNCTION = YES;
				GCC_WARN_UNUSED_VARIABLE = YES;
				IPHONEOS_DEPLOYMENT_TARGET = 10.1;
				MTL_ENABLE_DEBUG_INFO = NO;
				SDKROOT = iphoneos;
				SWIFT_OPTIMIZATION_LEVEL = "-Owholemodule";
				TARGETED_DEVICE_FAMILY = "1,2";
				VALIDATE_PRODUCT = YES;
				VERSIONING_SYSTEM = "apple-generic";
				VERSION_INFO_PREFIX = "";
			};
			name = Release;
		};
		B82ADFBE1DDABFB300006A62 /* Debug */ = {
			isa = XCBuildConfiguration;
			buildSettings = {
				CLANG_ENABLE_MODULES = YES;
				CODE_SIGN_IDENTITY = "";
				DEFINES_MODULE = YES;
				DEVELOPMENT_TEAM = ZADQ8AK2T5;
				DYLIB_COMPATIBILITY_VERSION = 1;
				DYLIB_CURRENT_VERSION = 1;
				DYLIB_INSTALL_NAME_BASE = "@rpath";
				INFOPLIST_FILE = Drawboard/Info.plist;
				INSTALL_PATH = "$(LOCAL_LIBRARY_DIR)/Frameworks";
				LD_RUNPATH_SEARCH_PATHS = "$(inherited) @executable_path/Frameworks @loader_path/Frameworks";
				PRODUCT_BUNDLE_IDENTIFIER = LM31.Drawboard;
				PRODUCT_NAME = "$(TARGET_NAME)";
				SKIP_INSTALL = YES;
				SWIFT_OPTIMIZATION_LEVEL = "-Onone";
				SWIFT_VERSION = 3.0;
			};
			name = Debug;
		};
		B82ADFBF1DDABFB300006A62 /* Release */ = {
			isa = XCBuildConfiguration;
			buildSettings = {
				CLANG_ENABLE_MODULES = YES;
				CODE_SIGN_IDENTITY = "";
				DEFINES_MODULE = YES;
				DEVELOPMENT_TEAM = ZADQ8AK2T5;
				DYLIB_COMPATIBILITY_VERSION = 1;
				DYLIB_CURRENT_VERSION = 1;
				DYLIB_INSTALL_NAME_BASE = "@rpath";
				INFOPLIST_FILE = Drawboard/Info.plist;
				INSTALL_PATH = "$(LOCAL_LIBRARY_DIR)/Frameworks";
				LD_RUNPATH_SEARCH_PATHS = "$(inherited) @executable_path/Frameworks @loader_path/Frameworks";
				PRODUCT_BUNDLE_IDENTIFIER = LM31.Drawboard;
				PRODUCT_NAME = "$(TARGET_NAME)";
				SKIP_INSTALL = YES;
				SWIFT_VERSION = 3.0;
			};
			name = Release;
		};
		B82ADFC11DDABFB300006A62 /* Debug */ = {
			isa = XCBuildConfiguration;
			buildSettings = {
				ALWAYS_EMBED_SWIFT_STANDARD_LIBRARIES = YES;
				DEVELOPMENT_TEAM = ZADQ8AK2T5;
				INFOPLIST_FILE = DrawboardTests/Info.plist;
				LD_RUNPATH_SEARCH_PATHS = "$(inherited) @executable_path/Frameworks @loader_path/Frameworks";
				PRODUCT_BUNDLE_IDENTIFIER = LM31.DrawboardTests;
				PRODUCT_NAME = "$(TARGET_NAME)";
				SWIFT_VERSION = 3.0;
			};
			name = Debug;
		};
		B82ADFC21DDABFB300006A62 /* Release */ = {
			isa = XCBuildConfiguration;
			buildSettings = {
				ALWAYS_EMBED_SWIFT_STANDARD_LIBRARIES = YES;
				DEVELOPMENT_TEAM = ZADQ8AK2T5;
				INFOPLIST_FILE = DrawboardTests/Info.plist;
				LD_RUNPATH_SEARCH_PATHS = "$(inherited) @executable_path/Frameworks @loader_path/Frameworks";
				PRODUCT_BUNDLE_IDENTIFIER = LM31.DrawboardTests;
				PRODUCT_NAME = "$(TARGET_NAME)";
				SWIFT_VERSION = 3.0;
			};
			name = Release;
		};
/* End XCBuildConfiguration section */

/* Begin XCConfigurationList section */
		B82ADFA31DDABFB300006A62 /* Build configuration list for PBXProject "Drawboard" */ = {
			isa = XCConfigurationList;
			buildConfigurations = (
				B82ADFBB1DDABFB300006A62 /* Debug */,
				B82ADFBC1DDABFB300006A62 /* Release */,
			);
			defaultConfigurationIsVisible = 0;
			defaultConfigurationName = Release;
		};
		B82ADFBD1DDABFB300006A62 /* Build configuration list for PBXNativeTarget "Drawboard" */ = {
			isa = XCConfigurationList;
			buildConfigurations = (
				B82ADFBE1DDABFB300006A62 /* Debug */,
				B82ADFBF1DDABFB300006A62 /* Release */,
			);
			defaultConfigurationIsVisible = 0;
			defaultConfigurationName = Release;
		};
		B82ADFC01DDABFB300006A62 /* Build configuration list for PBXNativeTarget "DrawboardTests" */ = {
			isa = XCConfigurationList;
			buildConfigurations = (
				B82ADFC11DDABFB300006A62 /* Debug */,
				B82ADFC21DDABFB300006A62 /* Release */,
			);
			defaultConfigurationIsVisible = 0;
			defaultConfigurationName = Release;
		};
/* End XCConfigurationList section */
	};
	rootObject = B82ADFA01DDABFB300006A62 /* Project object */;
}
